// !$*UTF8*$!
{
	archiveVersion = 1;
	classes = {
	};
	objectVersion = 55;
	objects = {

/* Begin PBXBuildFile section */
		674794DD280E9381008FE715 /* SaveContactProtocols.swift in Sources */ = {isa = PBXBuildFile; fileRef = 674794DC280E9380008FE715 /* SaveContactProtocols.swift */; };
		674794DF280E94DA008FE715 /* SaveContactInteractor.swift in Sources */ = {isa = PBXBuildFile; fileRef = 674794DE280E94DA008FE715 /* SaveContactInteractor.swift */; };
		674794E2280E9567008FE715 /* SaveContactPresenter.swift in Sources */ = {isa = PBXBuildFile; fileRef = 674794E1280E9567008FE715 /* SaveContactPresenter.swift */; };
		674794E5280E966C008FE715 /* SaveContactRouter.swift in Sources */ = {isa = PBXBuildFile; fileRef = 674794E4280E966C008FE715 /* SaveContactRouter.swift */; };
		674794E7280E97F0008FE715 /* ContactDetailProtocols.swift in Sources */ = {isa = PBXBuildFile; fileRef = 674794E6280E97F0008FE715 /* ContactDetailProtocols.swift */; };
		674794E9280E991C008FE715 /* ContactDetailInteractor.swift in Sources */ = {isa = PBXBuildFile; fileRef = 674794E8280E991C008FE715 /* ContactDetailInteractor.swift */; };
		674794EB280E998B008FE715 /* ContactDetailPresenter.swift in Sources */ = {isa = PBXBuildFile; fileRef = 674794EA280E998B008FE715 /* ContactDetailPresenter.swift */; };
		674794ED280E9A67008FE715 /* ContactDetailRouter.swift in Sources */ = {isa = PBXBuildFile; fileRef = 674794EC280E9A67008FE715 /* ContactDetailRouter.swift */; };
		674794EF280E9EF6008FE715 /* HomePageProtocols.swift in Sources */ = {isa = PBXBuildFile; fileRef = 674794EE280E9EF6008FE715 /* HomePageProtocols.swift */; };
		674794F2280EA1C7008FE715 /* HomePageInteractor.swift in Sources */ = {isa = PBXBuildFile; fileRef = 674794F1280EA1C7008FE715 /* HomePageInteractor.swift */; };
		674794F4280EA2EE008FE715 /* HomePagePresenter.swift in Sources */ = {isa = PBXBuildFile; fileRef = 674794F3280EA2EE008FE715 /* HomePagePresenter.swift */; };
		674794F6280EA537008FE715 /* HomePageRouter.swift in Sources */ = {isa = PBXBuildFile; fileRef = 674794F5280EA537008FE715 /* HomePageRouter.swift */; };
		67FA559D2805799C003D2FD0 /* AppDelegate.swift in Sources */ = {isa = PBXBuildFile; fileRef = 67FA559C2805799C003D2FD0 /* AppDelegate.swift */; };
		67FA559F2805799C003D2FD0 /* SceneDelegate.swift in Sources */ = {isa = PBXBuildFile; fileRef = 67FA559E2805799C003D2FD0 /* SceneDelegate.swift */; };
		67FA55A42805799C003D2FD0 /* Main.storyboard in Resources */ = {isa = PBXBuildFile; fileRef = 67FA55A22805799C003D2FD0 /* Main.storyboard */; };
		67FA55A62805799E003D2FD0 /* Assets.xcassets in Resources */ = {isa = PBXBuildFile; fileRef = 67FA55A52805799E003D2FD0 /* Assets.xcassets */; };
		67FA55A92805799E003D2FD0 /* LaunchScreen.storyboard in Resources */ = {isa = PBXBuildFile; fileRef = 67FA55A72805799E003D2FD0 /* LaunchScreen.storyboard */; };
		67FA55B42805799E003D2FD0 /* ContactsAppTests.swift in Sources */ = {isa = PBXBuildFile; fileRef = 67FA55B32805799E003D2FD0 /* ContactsAppTests.swift */; };
		67FA55BE2805799E003D2FD0 /* ContactsAppUITests.swift in Sources */ = {isa = PBXBuildFile; fileRef = 67FA55BD2805799E003D2FD0 /* ContactsAppUITests.swift */; };
		67FA55C02805799E003D2FD0 /* ContactsAppUITestsLaunchTests.swift in Sources */ = {isa = PBXBuildFile; fileRef = 67FA55BF2805799E003D2FD0 /* ContactsAppUITestsLaunchTests.swift */; };
		67FA55CD28057A2E003D2FD0 /* HomePageViewController.swift in Sources */ = {isa = PBXBuildFile; fileRef = 67FA55CC28057A2E003D2FD0 /* HomePageViewController.swift */; };
		67FA55CF28057A4E003D2FD0 /* SaveContactViewController.swift in Sources */ = {isa = PBXBuildFile; fileRef = 67FA55CE28057A4E003D2FD0 /* SaveContactViewController.swift */; };
		67FA55D128057A71003D2FD0 /* ContactDetailViewController.swift in Sources */ = {isa = PBXBuildFile; fileRef = 67FA55D028057A71003D2FD0 /* ContactDetailViewController.swift */; };
		67FA55D328059497003D2FD0 /* Contacts.swift in Sources */ = {isa = PBXBuildFile; fileRef = 67FA55D228059497003D2FD0 /* Contacts.swift */; };
		67FA56112805AA54003D2FD0 /* TableViewHucre.swift in Sources */ = {isa = PBXBuildFile; fileRef = 67FA56102805AA54003D2FD0 /* TableViewHucre.swift */; };
/* End PBXBuildFile section */

/* Begin PBXContainerItemProxy section */
		67FA55B02805799E003D2FD0 /* PBXContainerItemProxy */ = {
			isa = PBXContainerItemProxy;
			containerPortal = 67FA55912805799C003D2FD0 /* Project object */;
			proxyType = 1;
			remoteGlobalIDString = 67FA55982805799C003D2FD0;
			remoteInfo = ContactsApp;
		};
		67FA55BA2805799E003D2FD0 /* PBXContainerItemProxy */ = {
			isa = PBXContainerItemProxy;
			containerPortal = 67FA55912805799C003D2FD0 /* Project object */;
			proxyType = 1;
			remoteGlobalIDString = 67FA55982805799C003D2FD0;
			remoteInfo = ContactsApp;
		};
/* End PBXContainerItemProxy section */

/* Begin PBXFileReference section */
		674794DC280E9380008FE715 /* SaveContactProtocols.swift */ = {isa = PBXFileReference; lastKnownFileType = sourcecode.swift; path = SaveContactProtocols.swift; sourceTree = "<group>"; };
		674794DE280E94DA008FE715 /* SaveContactInteractor.swift */ = {isa = PBXFileReference; lastKnownFileType = sourcecode.swift; path = SaveContactInteractor.swift; sourceTree = "<group>"; };
		674794E1280E9567008FE715 /* SaveContactPresenter.swift */ = {isa = PBXFileReference; lastKnownFileType = sourcecode.swift; path = SaveContactPresenter.swift; sourceTree = "<group>"; };
		674794E4280E966C008FE715 /* SaveContactRouter.swift */ = {isa = PBXFileReference; lastKnownFileType = sourcecode.swift; path = SaveContactRouter.swift; sourceTree = "<group>"; };
		674794E6280E97F0008FE715 /* ContactDetailProtocols.swift */ = {isa = PBXFileReference; lastKnownFileType = sourcecode.swift; path = ContactDetailProtocols.swift; sourceTree = "<group>"; };
		674794E8280E991C008FE715 /* ContactDetailInteractor.swift */ = {isa = PBXFileReference; lastKnownFileType = sourcecode.swift; path = ContactDetailInteractor.swift; sourceTree = "<group>"; };
		674794EA280E998B008FE715 /* ContactDetailPresenter.swift */ = {isa = PBXFileReference; lastKnownFileType = sourcecode.swift; path = ContactDetailPresenter.swift; sourceTree = "<group>"; };
		674794EC280E9A67008FE715 /* ContactDetailRouter.swift */ = {isa = PBXFileReference; lastKnownFileType = sourcecode.swift; path = ContactDetailRouter.swift; sourceTree = "<group>"; };
		674794EE280E9EF6008FE715 /* HomePageProtocols.swift */ = {isa = PBXFileReference; lastKnownFileType = sourcecode.swift; path = HomePageProtocols.swift; sourceTree = "<group>"; };
		674794F1280EA1C7008FE715 /* HomePageInteractor.swift */ = {isa = PBXFileReference; lastKnownFileType = sourcecode.swift; path = HomePageInteractor.swift; sourceTree = "<group>"; };
		674794F3280EA2EE008FE715 /* HomePagePresenter.swift */ = {isa = PBXFileReference; lastKnownFileType = sourcecode.swift; path = HomePagePresenter.swift; sourceTree = "<group>"; };
		674794F5280EA537008FE715 /* HomePageRouter.swift */ = {isa = PBXFileReference; lastKnownFileType = sourcecode.swift; path = HomePageRouter.swift; sourceTree = "<group>"; };
		67FA55992805799C003D2FD0 /* ContactsApp.app */ = {isa = PBXFileReference; explicitFileType = wrapper.application; includeInIndex = 0; path = ContactsApp.app; sourceTree = BUILT_PRODUCTS_DIR; };
		67FA559C2805799C003D2FD0 /* AppDelegate.swift */ = {isa = PBXFileReference; lastKnownFileType = sourcecode.swift; path = AppDelegate.swift; sourceTree = "<group>"; };
		67FA559E2805799C003D2FD0 /* SceneDelegate.swift */ = {isa = PBXFileReference; lastKnownFileType = sourcecode.swift; path = SceneDelegate.swift; sourceTree = "<group>"; };
		67FA55A32805799C003D2FD0 /* Base */ = {isa = PBXFileReference; lastKnownFileType = file.storyboard; name = Base; path = Base.lproj/Main.storyboard; sourceTree = "<group>"; };
		67FA55A52805799E003D2FD0 /* Assets.xcassets */ = {isa = PBXFileReference; lastKnownFileType = folder.assetcatalog; path = Assets.xcassets; sourceTree = "<group>"; };
		67FA55A82805799E003D2FD0 /* Base */ = {isa = PBXFileReference; lastKnownFileType = file.storyboard; name = Base; path = Base.lproj/LaunchScreen.storyboard; sourceTree = "<group>"; };
		67FA55AA2805799E003D2FD0 /* Info.plist */ = {isa = PBXFileReference; lastKnownFileType = text.plist.xml; path = Info.plist; sourceTree = "<group>"; };
		67FA55AF2805799E003D2FD0 /* ContactsAppTests.xctest */ = {isa = PBXFileReference; explicitFileType = wrapper.cfbundle; includeInIndex = 0; path = ContactsAppTests.xctest; sourceTree = BUILT_PRODUCTS_DIR; };
		67FA55B32805799E003D2FD0 /* ContactsAppTests.swift */ = {isa = PBXFileReference; lastKnownFileType = sourcecode.swift; path = ContactsAppTests.swift; sourceTree = "<group>"; };
		67FA55B92805799E003D2FD0 /* ContactsAppUITests.xctest */ = {isa = PBXFileReference; explicitFileType = wrapper.cfbundle; includeInIndex = 0; path = ContactsAppUITests.xctest; sourceTree = BUILT_PRODUCTS_DIR; };
		67FA55BD2805799E003D2FD0 /* ContactsAppUITests.swift */ = {isa = PBXFileReference; lastKnownFileType = sourcecode.swift; path = ContactsAppUITests.swift; sourceTree = "<group>"; };
		67FA55BF2805799E003D2FD0 /* ContactsAppUITestsLaunchTests.swift */ = {isa = PBXFileReference; lastKnownFileType = sourcecode.swift; path = ContactsAppUITestsLaunchTests.swift; sourceTree = "<group>"; };
		67FA55CC28057A2E003D2FD0 /* HomePageViewController.swift */ = {isa = PBXFileReference; lastKnownFileType = sourcecode.swift; path = HomePageViewController.swift; sourceTree = "<group>"; };
		67FA55CE28057A4E003D2FD0 /* SaveContactViewController.swift */ = {isa = PBXFileReference; lastKnownFileType = sourcecode.swift; path = SaveContactViewController.swift; sourceTree = "<group>"; };
		67FA55D028057A71003D2FD0 /* ContactDetailViewController.swift */ = {isa = PBXFileReference; lastKnownFileType = sourcecode.swift; path = ContactDetailViewController.swift; sourceTree = "<group>"; };
		67FA55D228059497003D2FD0 /* Contacts.swift */ = {isa = PBXFileReference; lastKnownFileType = sourcecode.swift; path = Contacts.swift; sourceTree = "<group>"; };
		67FA56102805AA54003D2FD0 /* TableViewHucre.swift */ = {isa = PBXFileReference; lastKnownFileType = sourcecode.swift; path = TableViewHucre.swift; sourceTree = "<group>"; };
/* End PBXFileReference section */

/* Begin PBXFrameworksBuildPhase section */
		67FA55962805799C003D2FD0 /* Frameworks */ = {
			isa = PBXFrameworksBuildPhase;
			buildActionMask = 2147483647;
			files = (
			);
			runOnlyForDeploymentPostprocessing = 0;
		};
		67FA55AC2805799E003D2FD0 /* Frameworks */ = {
			isa = PBXFrameworksBuildPhase;
			buildActionMask = 2147483647;
			files = (
			);
			runOnlyForDeploymentPostprocessing = 0;
		};
		67FA55B62805799E003D2FD0 /* Frameworks */ = {
			isa = PBXFrameworksBuildPhase;
			buildActionMask = 2147483647;
			files = (
			);
			runOnlyForDeploymentPostprocessing = 0;
		};
/* End PBXFrameworksBuildPhase section */

/* Begin PBXGroup section */
		674794C6280E9125008FE715 /* entity */ = {
			isa = PBXGroup;
			children = (
				67FA55D228059497003D2FD0 /* Contacts.swift */,
			);
			path = entity;
			sourceTree = "<group>";
		};
		674794C9280E9178008FE715 /* homepage-module */ = {
			isa = PBXGroup;
			children = (
				674794DB280E928A008FE715 /* tableview */,
				674794DA280E921F008FE715 /* protocols */,
				674794D9280E921A008FE715 /* router */,
				674794D8280E9215008FE715 /* interactor */,
				674794D7280E9210008FE715 /* presenter */,
				674794D6280E920B008FE715 /* view */,
			);
			path = "homepage-module";
			sourceTree = "<group>";
		};
		674794CA280E917E008FE715 /* savecontact-module */ = {
			isa = PBXGroup;
			children = (
				674794D5280E91F5008FE715 /* protocols */,
				674794D4280E91EF008FE715 /* router */,
				674794D3280E91EA008FE715 /* interactor */,
				674794D2280E91E4008FE715 /* presenter */,
				674794D1280E91E0008FE715 /* view */,
			);
			path = "savecontact-module";
			sourceTree = "<group>";
		};
		674794CB280E9186008FE715 /* contactdetail-module */ = {
			isa = PBXGroup;
			children = (
				674794D0280E91D4008FE715 /* protocols */,
				674794CF280E91CF008FE715 /* router */,
				674794CE280E91C2008FE715 /* interactor */,
				674794CD280E91B4008FE715 /* presenter */,
				674794CC280E91A9008FE715 /* view */,
			);
			path = "contactdetail-module";
			sourceTree = "<group>";
		};
		674794CC280E91A9008FE715 /* view */ = {
			isa = PBXGroup;
			children = (
				67FA55D028057A71003D2FD0 /* ContactDetailViewController.swift */,
			);
			path = view;
			sourceTree = "<group>";
		};
		674794CD280E91B4008FE715 /* presenter */ = {
			isa = PBXGroup;
			children = (
				674794EA280E998B008FE715 /* ContactDetailPresenter.swift */,
			);
			path = presenter;
			sourceTree = "<group>";
		};
		674794CE280E91C2008FE715 /* interactor */ = {
			isa = PBXGroup;
			children = (
				674794E8280E991C008FE715 /* ContactDetailInteractor.swift */,
			);
			path = interactor;
			sourceTree = "<group>";
		};
		674794CF280E91CF008FE715 /* router */ = {
			isa = PBXGroup;
			children = (
				674794EC280E9A67008FE715 /* ContactDetailRouter.swift */,
			);
			path = router;
			sourceTree = "<group>";
		};
		674794D0280E91D4008FE715 /* protocols */ = {
			isa = PBXGroup;
			children = (
				674794E6280E97F0008FE715 /* ContactDetailProtocols.swift */,
			);
			path = protocols;
			sourceTree = "<group>";
		};
		674794D1280E91E0008FE715 /* view */ = {
			isa = PBXGroup;
			children = (
				67FA55CE28057A4E003D2FD0 /* SaveContactViewController.swift */,
			);
			path = view;
			sourceTree = "<group>";
		};
		674794D2280E91E4008FE715 /* presenter */ = {
			isa = PBXGroup;
			children = (
				674794E1280E9567008FE715 /* SaveContactPresenter.swift */,
			);
			path = presenter;
			sourceTree = "<group>";
		};
		674794D3280E91EA008FE715 /* interactor */ = {
			isa = PBXGroup;
			children = (
				674794DE280E94DA008FE715 /* SaveContactInteractor.swift */,
			);
			path = interactor;
			sourceTree = "<group>";
		};
		674794D4280E91EF008FE715 /* router */ = {
			isa = PBXGroup;
			children = (
				674794E4280E966C008FE715 /* SaveContactRouter.swift */,
			);
			path = router;
			sourceTree = "<group>";
		};
		674794D5280E91F5008FE715 /* protocols */ = {
			isa = PBXGroup;
			children = (
				674794DC280E9380008FE715 /* SaveContactProtocols.swift */,
			);
			path = protocols;
			sourceTree = "<group>";
		};
		674794D6280E920B008FE715 /* view */ = {
			isa = PBXGroup;
			children = (
				67FA55CC28057A2E003D2FD0 /* HomePageViewController.swift */,
			);
			path = view;
			sourceTree = "<group>";
		};
		674794D7280E9210008FE715 /* presenter */ = {
			isa = PBXGroup;
			children = (
				674794F3280EA2EE008FE715 /* HomePagePresenter.swift */,
			);
			path = presenter;
			sourceTree = "<group>";
		};
		674794D8280E9215008FE715 /* interactor */ = {
			isa = PBXGroup;
			children = (
				674794F1280EA1C7008FE715 /* HomePageInteractor.swift */,
			);
			path = interactor;
			sourceTree = "<group>";
		};
		674794D9280E921A008FE715 /* router */ = {
			isa = PBXGroup;
			children = (
				674794F5280EA537008FE715 /* HomePageRouter.swift */,
			);
			path = router;
			sourceTree = "<group>";
		};
		674794DA280E921F008FE715 /* protocols */ = {
			isa = PBXGroup;
			children = (
				674794EE280E9EF6008FE715 /* HomePageProtocols.swift */,
			);
			path = protocols;
			sourceTree = "<group>";
		};
		674794DB280E928A008FE715 /* tableview */ = {
			isa = PBXGroup;
			children = (
				67FA56102805AA54003D2FD0 /* TableViewHucre.swift */,
			);
			path = tableview;
			sourceTree = "<group>";
		};
		67FA55902805799C003D2FD0 = {
			isa = PBXGroup;
			children = (
				67FA559B2805799C003D2FD0 /* ContactsApp */,
				67FA55B22805799E003D2FD0 /* ContactsAppTests */,
				67FA55BC2805799E003D2FD0 /* ContactsAppUITests */,
				67FA559A2805799C003D2FD0 /* Products */,
			);
			sourceTree = "<group>";
		};
		67FA559A2805799C003D2FD0 /* Products */ = {
			isa = PBXGroup;
			children = (
				67FA55992805799C003D2FD0 /* ContactsApp.app */,
				67FA55AF2805799E003D2FD0 /* ContactsAppTests.xctest */,
				67FA55B92805799E003D2FD0 /* ContactsAppUITests.xctest */,
			);
			name = Products;
			sourceTree = "<group>";
		};
		67FA559B2805799C003D2FD0 /* ContactsApp */ = {
			isa = PBXGroup;
			children = (
				67FA559C2805799C003D2FD0 /* AppDelegate.swift */,
				67FA559E2805799C003D2FD0 /* SceneDelegate.swift */,
				67FA55A22805799C003D2FD0 /* Main.storyboard */,
				674794CB280E9186008FE715 /* contactdetail-module */,
				674794CA280E917E008FE715 /* savecontact-module */,
				674794C9280E9178008FE715 /* homepage-module */,
				674794C6280E9125008FE715 /* entity */,
				67FA55A52805799E003D2FD0 /* Assets.xcassets */,
				67FA55A72805799E003D2FD0 /* LaunchScreen.storyboard */,
				67FA55AA2805799E003D2FD0 /* Info.plist */,
			);
			path = ContactsApp;
			sourceTree = "<group>";
		};
		67FA55B22805799E003D2FD0 /* ContactsAppTests */ = {
			isa = PBXGroup;
			children = (
				67FA55B32805799E003D2FD0 /* ContactsAppTests.swift */,
			);
			path = ContactsAppTests;
			sourceTree = "<group>";
		};
		67FA55BC2805799E003D2FD0 /* ContactsAppUITests */ = {
			isa = PBXGroup;
			children = (
				67FA55BD2805799E003D2FD0 /* ContactsAppUITests.swift */,
				67FA55BF2805799E003D2FD0 /* ContactsAppUITestsLaunchTests.swift */,
			);
			path = ContactsAppUITests;
			sourceTree = "<group>";
		};
/* End PBXGroup section */

/* Begin PBXNativeTarget section */
		67FA55982805799C003D2FD0 /* ContactsApp */ = {
			isa = PBXNativeTarget;
			buildConfigurationList = 67FA55C32805799E003D2FD0 /* Build configuration list for PBXNativeTarget "ContactsApp" */;
			buildPhases = (
				67FA55952805799C003D2FD0 /* Sources */,
				67FA55962805799C003D2FD0 /* Frameworks */,
				67FA55972805799C003D2FD0 /* Resources */,
			);
			buildRules = (
			);
			dependencies = (
			);
			name = ContactsApp;
			productName = ContactsApp;
			productReference = 67FA55992805799C003D2FD0 /* ContactsApp.app */;
			productType = "com.apple.product-type.application";
		};
		67FA55AE2805799E003D2FD0 /* ContactsAppTests */ = {
			isa = PBXNativeTarget;
			buildConfigurationList = 67FA55C62805799E003D2FD0 /* Build configuration list for PBXNativeTarget "ContactsAppTests" */;
			buildPhases = (
				67FA55AB2805799E003D2FD0 /* Sources */,
				67FA55AC2805799E003D2FD0 /* Frameworks */,
				67FA55AD2805799E003D2FD0 /* Resources */,
			);
			buildRules = (
			);
			dependencies = (
				67FA55B12805799E003D2FD0 /* PBXTargetDependency */,
			);
			name = ContactsAppTests;
			productName = ContactsAppTests;
			productReference = 67FA55AF2805799E003D2FD0 /* ContactsAppTests.xctest */;
			productType = "com.apple.product-type.bundle.unit-test";
		};
		67FA55B82805799E003D2FD0 /* ContactsAppUITests */ = {
			isa = PBXNativeTarget;
			buildConfigurationList = 67FA55C92805799E003D2FD0 /* Build configuration list for PBXNativeTarget "ContactsAppUITests" */;
			buildPhases = (
				67FA55B52805799E003D2FD0 /* Sources */,
				67FA55B62805799E003D2FD0 /* Frameworks */,
				67FA55B72805799E003D2FD0 /* Resources */,
			);
			buildRules = (
			);
			dependencies = (
				67FA55BB2805799E003D2FD0 /* PBXTargetDependency */,
			);
			name = ContactsAppUITests;
			productName = ContactsAppUITests;
			productReference = 67FA55B92805799E003D2FD0 /* ContactsAppUITests.xctest */;
			productType = "com.apple.product-type.bundle.ui-testing";
		};
/* End PBXNativeTarget section */

/* Begin PBXProject section */
		67FA55912805799C003D2FD0 /* Project object */ = {
			isa = PBXProject;
			attributes = {
				BuildIndependentTargetsInParallel = 1;
				LastSwiftUpdateCheck = 1320;
				LastUpgradeCheck = 1320;
				TargetAttributes = {
					67FA55982805799C003D2FD0 = {
						CreatedOnToolsVersion = 13.2.1;
					};
					67FA55AE2805799E003D2FD0 = {
						CreatedOnToolsVersion = 13.2.1;
						TestTargetID = 67FA55982805799C003D2FD0;
					};
					67FA55B82805799E003D2FD0 = {
						CreatedOnToolsVersion = 13.2.1;
						TestTargetID = 67FA55982805799C003D2FD0;
					};
				};
			};
			buildConfigurationList = 67FA55942805799C003D2FD0 /* Build configuration list for PBXProject "ContactsApp" */;
			compatibilityVersion = "Xcode 13.0";
			developmentRegion = en;
			hasScannedForEncodings = 0;
			knownRegions = (
				en,
				Base,
			);
			mainGroup = 67FA55902805799C003D2FD0;
			productRefGroup = 67FA559A2805799C003D2FD0 /* Products */;
			projectDirPath = "";
			projectRoot = "";
			targets = (
				67FA55982805799C003D2FD0 /* ContactsApp */,
				67FA55AE2805799E003D2FD0 /* ContactsAppTests */,
				67FA55B82805799E003D2FD0 /* ContactsAppUITests */,
			);
		};
/* End PBXProject section */

/* Begin PBXResourcesBuildPhase section */
		67FA55972805799C003D2FD0 /* Resources */ = {
			isa = PBXResourcesBuildPhase;
			buildActionMask = 2147483647;
			files = (
				67FA55A92805799E003D2FD0 /* LaunchScreen.storyboard in Resources */,
				67FA55A62805799E003D2FD0 /* Assets.xcassets in Resources */,
				67FA55A42805799C003D2FD0 /* Main.storyboard in Resources */,
			);
			runOnlyForDeploymentPostprocessing = 0;
		};
		67FA55AD2805799E003D2FD0 /* Resources */ = {
			isa = PBXResourcesBuildPhase;
			buildActionMask = 2147483647;
			files = (
			);
			runOnlyForDeploymentPostprocessing = 0;
		};
		67FA55B72805799E003D2FD0 /* Resources */ = {
			isa = PBXResourcesBuildPhase;
			buildActionMask = 2147483647;
			files = (
			);
			runOnlyForDeploymentPostprocessing = 0;
		};
/* End PBXResourcesBuildPhase section */

/* Begin PBXSourcesBuildPhase section */
		67FA55952805799C003D2FD0 /* Sources */ = {
			isa = PBXSourcesBuildPhase;
			buildActionMask = 2147483647;
			files = (
				67FA55CD28057A2E003D2FD0 /* HomePageViewController.swift in Sources */,
				67FA559D2805799C003D2FD0 /* AppDelegate.swift in Sources */,
				67FA55D328059497003D2FD0 /* Contacts.swift in Sources */,
				674794E9280E991C008FE715 /* ContactDetailInteractor.swift in Sources */,
				674794F6280EA537008FE715 /* HomePageRouter.swift in Sources */,
				67FA55CF28057A4E003D2FD0 /* SaveContactViewController.swift in Sources */,
				67FA55D128057A71003D2FD0 /* ContactDetailViewController.swift in Sources */,
				674794EB280E998B008FE715 /* ContactDetailPresenter.swift in Sources */,
				674794F2280EA1C7008FE715 /* HomePageInteractor.swift in Sources */,
				674794F4280EA2EE008FE715 /* HomePagePresenter.swift in Sources */,
				674794DF280E94DA008FE715 /* SaveContactInteractor.swift in Sources */,
				674794E5280E966C008FE715 /* SaveContactRouter.swift in Sources */,
				674794E7280E97F0008FE715 /* ContactDetailProtocols.swift in Sources */,
				674794E2280E9567008FE715 /* SaveContactPresenter.swift in Sources */,
				674794DD280E9381008FE715 /* SaveContactProtocols.swift in Sources */,
				67FA56112805AA54003D2FD0 /* TableViewHucre.swift in Sources */,
				674794EF280E9EF6008FE715 /* HomePageProtocols.swift in Sources */,
				674794ED280E9A67008FE715 /* ContactDetailRouter.swift in Sources */,
				67FA559F2805799C003D2FD0 /* SceneDelegate.swift in Sources */,
			);
			runOnlyForDeploymentPostprocessing = 0;
		};
		67FA55AB2805799E003D2FD0 /* Sources */ = {
			isa = PBXSourcesBuildPhase;
			buildActionMask = 2147483647;
			files = (
				67FA55B42805799E003D2FD0 /* ContactsAppTests.swift in Sources */,
			);
			runOnlyForDeploymentPostprocessing = 0;
		};
		67FA55B52805799E003D2FD0 /* Sources */ = {
			isa = PBXSourcesBuildPhase;
			buildActionMask = 2147483647;
			files = (
				67FA55BE2805799E003D2FD0 /* ContactsAppUITests.swift in Sources */,
				67FA55C02805799E003D2FD0 /* ContactsAppUITestsLaunchTests.swift in Sources */,
			);
			runOnlyForDeploymentPostprocessing = 0;
		};
/* End PBXSourcesBuildPhase section */

/* Begin PBXTargetDependency section */
		67FA55B12805799E003D2FD0 /* PBXTargetDependency */ = {
			isa = PBXTargetDependency;
			target = 67FA55982805799C003D2FD0 /* ContactsApp */;
			targetProxy = 67FA55B02805799E003D2FD0 /* PBXContainerItemProxy */;
		};
		67FA55BB2805799E003D2FD0 /* PBXTargetDependency */ = {
			isa = PBXTargetDependency;
			target = 67FA55982805799C003D2FD0 /* ContactsApp */;
			targetProxy = 67FA55BA2805799E003D2FD0 /* PBXContainerItemProxy */;
		};
/* End PBXTargetDependency section */

/* Begin PBXVariantGroup section */
		67FA55A22805799C003D2FD0 /* Main.storyboard */ = {
			isa = PBXVariantGroup;
			children = (
				67FA55A32805799C003D2FD0 /* Base */,
			);
			name = Main.storyboard;
			sourceTree = "<group>";
		};
		67FA55A72805799E003D2FD0 /* LaunchScreen.storyboard */ = {
			isa = PBXVariantGroup;
			children = (
				67FA55A82805799E003D2FD0 /* Base */,
			);
			name = LaunchScreen.storyboard;
			sourceTree = "<group>";
		};
/* End PBXVariantGroup section */

/* Begin XCBuildConfiguration section */
		67FA55C12805799E003D2FD0 /* Debug */ = {
			isa = XCBuildConfiguration;
			buildSettings = {
				ALWAYS_SEARCH_USER_PATHS = NO;
				CLANG_ANALYZER_NONNULL = YES;
				CLANG_ANALYZER_NUMBER_OBJECT_CONVERSION = YES_AGGRESSIVE;
				CLANG_CXX_LANGUAGE_STANDARD = "gnu++17";
				CLANG_CXX_LIBRARY = "libc++";
				CLANG_ENABLE_MODULES = YES;
				CLANG_ENABLE_OBJC_ARC = YES;
				CLANG_ENABLE_OBJC_WEAK = YES;
				CLANG_WARN_BLOCK_CAPTURE_AUTORELEASING = YES;
				CLANG_WARN_BOOL_CONVERSION = YES;
				CLANG_WARN_COMMA = YES;
				CLANG_WARN_CONSTANT_CONVERSION = YES;
				CLANG_WARN_DEPRECATED_OBJC_IMPLEMENTATIONS = YES;
				CLANG_WARN_DIRECT_OBJC_ISA_USAGE = YES_ERROR;
				CLANG_WARN_DOCUMENTATION_COMMENTS = YES;
				CLANG_WARN_EMPTY_BODY = YES;
				CLANG_WARN_ENUM_CONVERSION = YES;
				CLANG_WARN_INFINITE_RECURSION = YES;
				CLANG_WARN_INT_CONVERSION = YES;
				CLANG_WARN_NON_LITERAL_NULL_CONVERSION = YES;
				CLANG_WARN_OBJC_IMPLICIT_RETAIN_SELF = YES;
				CLANG_WARN_OBJC_LITERAL_CONVERSION = YES;
				CLANG_WARN_OBJC_ROOT_CLASS = YES_ERROR;
				CLANG_WARN_QUOTED_INCLUDE_IN_FRAMEWORK_HEADER = YES;
				CLANG_WARN_RANGE_LOOP_ANALYSIS = YES;
				CLANG_WARN_STRICT_PROTOTYPES = YES;
				CLANG_WARN_SUSPICIOUS_MOVE = YES;
				CLANG_WARN_UNGUARDED_AVAILABILITY = YES_AGGRESSIVE;
				CLANG_WARN_UNREACHABLE_CODE = YES;
				CLANG_WARN__DUPLICATE_METHOD_MATCH = YES;
				COPY_PHASE_STRIP = NO;
				DEBUG_INFORMATION_FORMAT = dwarf;
				ENABLE_STRICT_OBJC_MSGSEND = YES;
				ENABLE_TESTABILITY = YES;
				GCC_C_LANGUAGE_STANDARD = gnu11;
				GCC_DYNAMIC_NO_PIC = NO;
				GCC_NO_COMMON_BLOCKS = YES;
				GCC_OPTIMIZATION_LEVEL = 0;
				GCC_PREPROCESSOR_DEFINITIONS = (
					"DEBUG=1",
					"$(inherited)",
				);
				GCC_WARN_64_TO_32_BIT_CONVERSION = YES;
				GCC_WARN_ABOUT_RETURN_TYPE = YES_ERROR;
				GCC_WARN_UNDECLARED_SELECTOR = YES;
				GCC_WARN_UNINITIALIZED_AUTOS = YES_AGGRESSIVE;
				GCC_WARN_UNUSED_FUNCTION = YES;
				GCC_WARN_UNUSED_VARIABLE = YES;
				IPHONEOS_DEPLOYMENT_TARGET = 15.2;
				MTL_ENABLE_DEBUG_INFO = INCLUDE_SOURCE;
				MTL_FAST_MATH = YES;
				ONLY_ACTIVE_ARCH = YES;
				SDKROOT = iphoneos;
				SWIFT_ACTIVE_COMPILATION_CONDITIONS = DEBUG;
				SWIFT_OPTIMIZATION_LEVEL = "-Onone";
			};
			name = Debug;
		};
		67FA55C22805799E003D2FD0 /* Release */ = {
			isa = XCBuildConfiguration;
			buildSettings = {
				ALWAYS_SEARCH_USER_PATHS = NO;
				CLANG_ANALYZER_NONNULL = YES;
				CLANG_ANALYZER_NUMBER_OBJECT_CONVERSION = YES_AGGRESSIVE;
				CLANG_CXX_LANGUAGE_STANDARD = "gnu++17";
				CLANG_CXX_LIBRARY = "libc++";
				CLANG_ENABLE_MODULES = YES;
				CLANG_ENABLE_OBJC_ARC = YES;
				CLANG_ENABLE_OBJC_WEAK = YES;
				CLANG_WARN_BLOCK_CAPTURE_AUTORELEASING = YES;
				CLANG_WARN_BOOL_CONVERSION = YES;
				CLANG_WARN_COMMA = YES;
				CLANG_WARN_CONSTANT_CONVERSION = YES;
				CLANG_WARN_DEPRECATED_OBJC_IMPLEMENTATIONS = YES;
				CLANG_WARN_DIRECT_OBJC_ISA_USAGE = YES_ERROR;
				CLANG_WARN_DOCUMENTATION_COMMENTS = YES;
				CLANG_WARN_EMPTY_BODY = YES;
				CLANG_WARN_ENUM_CONVERSION = YES;
				CLANG_WARN_INFINITE_RECURSION = YES;
				CLANG_WARN_INT_CONVERSION = YES;
				CLANG_WARN_NON_LITERAL_NULL_CONVERSION = YES;
				CLANG_WARN_OBJC_IMPLICIT_RETAIN_SELF = YES;
				CLANG_WARN_OBJC_LITERAL_CONVERSION = YES;
				CLANG_WARN_OBJC_ROOT_CLASS = YES_ERROR;
				CLANG_WARN_QUOTED_INCLUDE_IN_FRAMEWORK_HEADER = YES;
				CLANG_WARN_RANGE_LOOP_ANALYSIS = YES;
				CLANG_WARN_STRICT_PROTOTYPES = YES;
				CLANG_WARN_SUSPICIOUS_MOVE = YES;
				CLANG_WARN_UNGUARDED_AVAILABILITY = YES_AGGRESSIVE;
				CLANG_WARN_UNREACHABLE_CODE = YES;
				CLANG_WARN__DUPLICATE_METHOD_MATCH = YES;
				COPY_PHASE_STRIP = NO;
				DEBUG_INFORMATION_FORMAT = "dwarf-with-dsym";
				ENABLE_NS_ASSERTIONS = NO;
				ENABLE_STRICT_OBJC_MSGSEND = YES;
				GCC_C_LANGUAGE_STANDARD = gnu11;
				GCC_NO_COMMON_BLOCKS = YES;
				GCC_WARN_64_TO_32_BIT_CONVERSION = YES;
				GCC_WARN_ABOUT_RETURN_TYPE = YES_ERROR;
				GCC_WARN_UNDECLARED_SELECTOR = YES;
				GCC_WARN_UNINITIALIZED_AUTOS = YES_AGGRESSIVE;
				GCC_WARN_UNUSED_FUNCTION = YES;
				GCC_WARN_UNUSED_VARIABLE = YES;
				IPHONEOS_DEPLOYMENT_TARGET = 15.2;
				MTL_ENABLE_DEBUG_INFO = NO;
				MTL_FAST_MATH = YES;
				SDKROOT = iphoneos;
				SWIFT_COMPILATION_MODE = wholemodule;
				SWIFT_OPTIMIZATION_LEVEL = "-O";
				VALIDATE_PRODUCT = YES;
			};
			name = Release;
		};
		67FA55C42805799E003D2FD0 /* Debug */ = {
			isa = XCBuildConfiguration;
			buildSettings = {
				ASSETCATALOG_COMPILER_APPICON_NAME = AppIcon;
				ASSETCATALOG_COMPILER_GLOBAL_ACCENT_COLOR_NAME = AccentColor;
				CODE_SIGN_STYLE = Automatic;
				CURRENT_PROJECT_VERSION = 1;
				DEVELOPMENT_TEAM = H5Z9G33HZA;
				GENERATE_INFOPLIST_FILE = YES;
				INFOPLIST_FILE = ContactsApp/Info.plist;
				INFOPLIST_KEY_UIApplicationSupportsIndirectInputEvents = YES;
				INFOPLIST_KEY_UILaunchStoryboardName = LaunchScreen;
				INFOPLIST_KEY_UIMainStoryboardFile = Main;
				INFOPLIST_KEY_UISupportedInterfaceOrientations_iPad = "UIInterfaceOrientationPortrait UIInterfaceOrientationPortraitUpsideDown UIInterfaceOrientationLandscapeLeft UIInterfaceOrientationLandscapeRight";
				INFOPLIST_KEY_UISupportedInterfaceOrientations_iPhone = "UIInterfaceOrientationPortrait UIInterfaceOrientationLandscapeLeft UIInterfaceOrientationLandscapeRight";
				LD_RUNPATH_SEARCH_PATHS = (
					"$(inherited)",
					"@executable_path/Frameworks",
				);
				MARKETING_VERSION = 1.0;
				PRODUCT_BUNDLE_IDENTIFIER = com.anilcan.ContactsApp;
				PRODUCT_NAME = "$(TARGET_NAME)";
				SWIFT_EMIT_LOC_STRINGS = YES;
				SWIFT_VERSION = 5.0;
				TARGETED_DEVICE_FAMILY = "1,2";
			};
			name = Debug;
		};
		67FA55C52805799E003D2FD0 /* Release */ = {
			isa = XCBuildConfiguration;
			buildSettings = {
				ASSETCATALOG_COMPILER_APPICON_NAME = AppIcon;
				ASSETCATALOG_COMPILER_GLOBAL_ACCENT_COLOR_NAME = AccentColor;
				CODE_SIGN_STYLE = Automatic;
				CURRENT_PROJECT_VERSION = 1;
				DEVELOPMENT_TEAM = H5Z9G33HZA;
				GENERATE_INFOPLIST_FILE = YES;
				INFOPLIST_FILE = ContactsApp/Info.plist;
				INFOPLIST_KEY_UIApplicationSupportsIndirectInputEvents = YES;
				INFOPLIST_KEY_UILaunchStoryboardName = LaunchScreen;
				INFOPLIST_KEY_UIMainStoryboardFile = Main;
				INFOPLIST_KEY_UISupportedInterfaceOrientations_iPad = "UIInterfaceOrientationPortrait UIInterfaceOrientationPortraitUpsideDown UIInterfaceOrientationLandscapeLeft UIInterfaceOrientationLandscapeRight";
				INFOPLIST_KEY_UISupportedInterfaceOrientations_iPhone = "UIInterfaceOrientationPortrait UIInterfaceOrientationLandscapeLeft UIInterfaceOrientationLandscapeRight";
				LD_RUNPATH_SEARCH_PATHS = (
					"$(inherited)",
					"@executable_path/Frameworks",
				);
				MARKETING_VERSION = 1.0;
				PRODUCT_BUNDLE_IDENTIFIER = com.anilcan.ContactsApp;
				PRODUCT_NAME = "$(TARGET_NAME)";
				SWIFT_EMIT_LOC_STRINGS = YES;
				SWIFT_VERSION = 5.0;
				TARGETED_DEVICE_FAMILY = "1,2";
			};
			name = Release;
		};
		67FA55C72805799E003D2FD0 /* Debug */ = {
			isa = XCBuildConfiguration;
			buildSettings = {
				ALWAYS_EMBED_SWIFT_STANDARD_LIBRARIES = YES;
				BUNDLE_LOADER = "$(TEST_HOST)";
				CODE_SIGN_STYLE = Automatic;
				CURRENT_PROJECT_VERSION = 1;
				DEVELOPMENT_TEAM = H5Z9G33HZA;
				GENERATE_INFOPLIST_FILE = YES;
				IPHONEOS_DEPLOYMENT_TARGET = 15.2;
				MARKETING_VERSION = 1.0;
				PRODUCT_BUNDLE_IDENTIFIER = com.anilcan.ContactsAppTests;
				PRODUCT_NAME = "$(TARGET_NAME)";
				SWIFT_EMIT_LOC_STRINGS = NO;
				SWIFT_VERSION = 5.0;
				TARGETED_DEVICE_FAMILY = "1,2";
				TEST_HOST = "$(BUILT_PRODUCTS_DIR)/ContactsApp.app/ContactsApp";
			};
			name = Debug;
		};
		67FA55C82805799E003D2FD0 /* Release */ = {
			isa = XCBuildConfiguration;
			buildSettings = {
				ALWAYS_EMBED_SWIFT_STANDARD_LIBRARIES = YES;
				BUNDLE_LOADER = "$(TEST_HOST)";
				CODE_SIGN_STYLE = Automatic;
				CURRENT_PROJECT_VERSION = 1;
				DEVELOPMENT_TEAM = H5Z9G33HZA;
				GENERATE_INFOPLIST_FILE = YES;
				IPHONEOS_DEPLOYMENT_TARGET = 15.2;
				MARKETING_VERSION = 1.0;
				PRODUCT_BUNDLE_IDENTIFIER = com.anilcan.ContactsAppTests;
				PRODUCT_NAME = "$(TARGET_NAME)";
				SWIFT_EMIT_LOC_STRINGS = NO;
				SWIFT_VERSION = 5.0;
				TARGETED_DEVICE_FAMILY = "1,2";
				TEST_HOST = "$(BUILT_PRODUCTS_DIR)/ContactsApp.app/ContactsApp";
			};
			name = Release;
		};
		67FA55CA2805799E003D2FD0 /* Debug */ = {
			isa = XCBuildConfiguration;
			buildSettings = {
				ALWAYS_EMBED_SWIFT_STANDARD_LIBRARIES = YES;
				CODE_SIGN_STYLE = Automatic;
				CURRENT_PROJECT_VERSION = 1;
				DEVELOPMENT_TEAM = H5Z9G33HZA;
				GENERATE_INFOPLIST_FILE = YES;
				MARKETING_VERSION = 1.0;
				PRODUCT_BUNDLE_IDENTIFIER = com.anilcan.ContactsAppUITests;
				PRODUCT_NAME = "$(TARGET_NAME)";
				SWIFT_EMIT_LOC_STRINGS = NO;
				SWIFT_VERSION = 5.0;
				TARGETED_DEVICE_FAMILY = "1,2";
				TEST_TARGET_NAME = ContactsApp;
			};
			name = Debug;
		};
		67FA55CB2805799E003D2FD0 /* Release */ = {
			isa = XCBuildConfiguration;
			buildSettings = {
				ALWAYS_EMBED_SWIFT_STANDARD_LIBRARIES = YES;
				CODE_SIGN_STYLE = Automatic;
				CURRENT_PROJECT_VERSION = 1;
				DEVELOPMENT_TEAM = H5Z9G33HZA;
				GENERATE_INFOPLIST_FILE = YES;
				MARKETING_VERSION = 1.0;
				PRODUCT_BUNDLE_IDENTIFIER = com.anilcan.ContactsAppUITests;
				PRODUCT_NAME = "$(TARGET_NAME)";
				SWIFT_EMIT_LOC_STRINGS = NO;
				SWIFT_VERSION = 5.0;
				TARGETED_DEVICE_FAMILY = "1,2";
				TEST_TARGET_NAME = ContactsApp;
			};
			name = Release;
		};
/* End XCBuildConfiguration section */

/* Begin XCConfigurationList section */
		67FA55942805799C003D2FD0 /* Build configuration list for PBXProject "ContactsApp" */ = {
			isa = XCConfigurationList;
			buildConfigurations = (
				67FA55C12805799E003D2FD0 /* Debug */,
				67FA55C22805799E003D2FD0 /* Release */,
			);
			defaultConfigurationIsVisible = 0;
			defaultConfigurationName = Release;
		};
		67FA55C32805799E003D2FD0 /* Build configuration list for PBXNativeTarget "ContactsApp" */ = {
			isa = XCConfigurationList;
			buildConfigurations = (
				67FA55C42805799E003D2FD0 /* Debug */,
				67FA55C52805799E003D2FD0 /* Release */,
			);
			defaultConfigurationIsVisible = 0;
			defaultConfigurationName = Release;
		};
		67FA55C62805799E003D2FD0 /* Build configuration list for PBXNativeTarget "ContactsAppTests" */ = {
			isa = XCConfigurationList;
			buildConfigurations = (
				67FA55C72805799E003D2FD0 /* Debug */,
				67FA55C82805799E003D2FD0 /* Release */,
			);
			defaultConfigurationIsVisible = 0;
			defaultConfigurationName = Release;
		};
		67FA55C92805799E003D2FD0 /* Build configuration list for PBXNativeTarget "ContactsAppUITests" */ = {
			isa = XCConfigurationList;
			buildConfigurations = (
				67FA55CA2805799E003D2FD0 /* Debug */,
				67FA55CB2805799E003D2FD0 /* Release */,
			);
			defaultConfigurationIsVisible = 0;
			defaultConfigurationName = Release;
		};
/* End XCConfigurationList section */
	};
	rootObject = 67FA55912805799C003D2FD0 /* Project object */;
}
